// !$*UTF8*$!
{
	archiveVersion = 1;
	classes = {
	};
	objectVersion = 52;
	objects = {

/* Begin PBXBuildFile section */
		5B0D47641EA63CD1009FF1BF /* SimpleKeychainSpec.swift in Sources */ = {isa = PBXBuildFile; fileRef = 5F4D27651BCE995C003C27B3 /* SimpleKeychainSpec.swift */; };
		5B108A9E1EA62F6100ED4DD2 /* A0SimpleKeychain.m in Sources */ = {isa = PBXBuildFile; fileRef = 5FEEB9DE1B7BF72C00501415 /* A0SimpleKeychain.m */; };
		5B108A9F1EA62F6100ED4DD2 /* A0SimpleKeychain+KeyPair.m in Sources */ = {isa = PBXBuildFile; fileRef = 5FEEB9D81B7BF71800501415 /* A0SimpleKeychain+KeyPair.m */; };
		5B108AA21EA62F6100ED4DD2 /* A0SimpleKeychain.h in Headers */ = {isa = PBXBuildFile; fileRef = 5FEEB9DD1B7BF72C00501415 /* A0SimpleKeychain.h */; settings = {ATTRIBUTES = (Public, ); }; };
		5B108AA31EA62F6100ED4DD2 /* SimpleKeychain.h in Headers */ = {isa = PBXBuildFile; fileRef = 5FEEB9A11B7BD70A00501415 /* SimpleKeychain.h */; settings = {ATTRIBUTES = (Public, ); }; };
		5B108AA41EA62F6100ED4DD2 /* A0SimpleKeychain+KeyPair.h in Headers */ = {isa = PBXBuildFile; fileRef = 5FEEB9D71B7BF71800501415 /* A0SimpleKeychain+KeyPair.h */; settings = {ATTRIBUTES = (Public, ); }; };
		5B108AAD1EA637B100ED4DD2 /* A0SimpleKeychain.m in Sources */ = {isa = PBXBuildFile; fileRef = 5FEEB9DE1B7BF72C00501415 /* A0SimpleKeychain.m */; };
		5B108AAE1EA637B100ED4DD2 /* A0SimpleKeychain+KeyPair.m in Sources */ = {isa = PBXBuildFile; fileRef = 5FEEB9D81B7BF71800501415 /* A0SimpleKeychain+KeyPair.m */; };
		5B108AB11EA637B100ED4DD2 /* A0SimpleKeychain.h in Headers */ = {isa = PBXBuildFile; fileRef = 5FEEB9DD1B7BF72C00501415 /* A0SimpleKeychain.h */; settings = {ATTRIBUTES = (Public, ); }; };
		5B108AB21EA637B100ED4DD2 /* SimpleKeychain.h in Headers */ = {isa = PBXBuildFile; fileRef = 5FEEB9A11B7BD70A00501415 /* SimpleKeychain.h */; settings = {ATTRIBUTES = (Public, ); }; };
		5B108AB31EA637B100ED4DD2 /* A0SimpleKeychain+KeyPair.h in Headers */ = {isa = PBXBuildFile; fileRef = 5FEEB9D71B7BF71800501415 /* A0SimpleKeychain+KeyPair.h */; settings = {ATTRIBUTES = (Public, ); }; };
		5C29744623FF457A00BC18FA /* AppDelegate.swift in Sources */ = {isa = PBXBuildFile; fileRef = 5C29744523FF457A00BC18FA /* AppDelegate.swift */; };
		5C29744823FF457A00BC18FA /* ViewController.swift in Sources */ = {isa = PBXBuildFile; fileRef = 5C29744723FF457A00BC18FA /* ViewController.swift */; };
		5C29744B23FF457A00BC18FA /* Main.storyboard in Resources */ = {isa = PBXBuildFile; fileRef = 5C29744923FF457A00BC18FA /* Main.storyboard */; };
		5C29744D23FF457E00BC18FA /* Assets.xcassets in Resources */ = {isa = PBXBuildFile; fileRef = 5C29744C23FF457E00BC18FA /* Assets.xcassets */; };
		5C29745023FF457E00BC18FA /* LaunchScreen.storyboard in Resources */ = {isa = PBXBuildFile; fileRef = 5C29744E23FF457E00BC18FA /* LaunchScreen.storyboard */; };
		5CAF69A626FE57A90045266B /* SimpleKeychain.framework in Frameworks */ = {isa = PBXBuildFile; fileRef = 5FEEB99C1B7BD70A00501415 /* SimpleKeychain.framework */; };
		5CAF69A726FE57A90045266B /* SimpleKeychain.framework in Copy Files */ = {isa = PBXBuildFile; fileRef = 5FEEB99C1B7BD70A00501415 /* SimpleKeychain.framework */; settings = {ATTRIBUTES = (CodeSignOnCopy, RemoveHeadersOnCopy, ); }; };
		5CE9CA1226FD42B0005A75FA /* Quick.xcframework in Frameworks */ = {isa = PBXBuildFile; fileRef = 5CE9CA1026FD42B0005A75FA /* Quick.xcframework */; };
		5CE9CA1326FD42B0005A75FA /* Nimble.xcframework in Frameworks */ = {isa = PBXBuildFile; fileRef = 5CE9CA1126FD42B0005A75FA /* Nimble.xcframework */; };
		5CE9CA1426FD42C0005A75FA /* Nimble.xcframework in CopyFiles */ = {isa = PBXBuildFile; fileRef = 5CE9CA1126FD42B0005A75FA /* Nimble.xcframework */; settings = {ATTRIBUTES = (CodeSignOnCopy, RemoveHeadersOnCopy, ); }; };
		5CE9CA1526FD42C0005A75FA /* Quick.xcframework in CopyFiles */ = {isa = PBXBuildFile; fileRef = 5CE9CA1026FD42B0005A75FA /* Quick.xcframework */; settings = {ATTRIBUTES = (CodeSignOnCopy, RemoveHeadersOnCopy, ); }; };
		5CE9CA1626FD42F4005A75FA /* Nimble.xcframework in Frameworks */ = {isa = PBXBuildFile; fileRef = 5CE9CA1126FD42B0005A75FA /* Nimble.xcframework */; };
		5CE9CA1726FD42F4005A75FA /* Quick.xcframework in Frameworks */ = {isa = PBXBuildFile; fileRef = 5CE9CA1026FD42B0005A75FA /* Quick.xcframework */; };
		5CE9CA1826FD42FA005A75FA /* Nimble.xcframework in CopyFiles */ = {isa = PBXBuildFile; fileRef = 5CE9CA1126FD42B0005A75FA /* Nimble.xcframework */; settings = {ATTRIBUTES = (CodeSignOnCopy, RemoveHeadersOnCopy, ); }; };
		5CE9CA1926FD42FA005A75FA /* Quick.xcframework in CopyFiles */ = {isa = PBXBuildFile; fileRef = 5CE9CA1026FD42B0005A75FA /* Quick.xcframework */; settings = {ATTRIBUTES = (CodeSignOnCopy, RemoveHeadersOnCopy, ); }; };
		5CE9CA1A26FD430F005A75FA /* Nimble.xcframework in Frameworks */ = {isa = PBXBuildFile; fileRef = 5CE9CA1126FD42B0005A75FA /* Nimble.xcframework */; };
		5CE9CA1B26FD430F005A75FA /* Quick.xcframework in Frameworks */ = {isa = PBXBuildFile; fileRef = 5CE9CA1026FD42B0005A75FA /* Quick.xcframework */; };
		5CE9CA1C26FD4316005A75FA /* Nimble.xcframework in CopyFiles */ = {isa = PBXBuildFile; fileRef = 5CE9CA1126FD42B0005A75FA /* Nimble.xcframework */; settings = {ATTRIBUTES = (CodeSignOnCopy, RemoveHeadersOnCopy, ); }; };
		5CE9CA1D26FD4316005A75FA /* Quick.xcframework in CopyFiles */ = {isa = PBXBuildFile; fileRef = 5CE9CA1026FD42B0005A75FA /* Quick.xcframework */; settings = {ATTRIBUTES = (CodeSignOnCopy, RemoveHeadersOnCopy, ); }; };
		5CE9CA2126FD43F5005A75FA /* SimpleKeychain.framework in Frameworks */ = {isa = PBXBuildFile; fileRef = 5B108AB81EA637B100ED4DD2 /* SimpleKeychain.framework */; };
		5F4D27851BCE99E7003C27B3 /* SimpleKeychainSpec.swift in Sources */ = {isa = PBXBuildFile; fileRef = 5F4D27651BCE995C003C27B3 /* SimpleKeychainSpec.swift */; };
		5F4D279F1BCEA6CE003C27B3 /* SimpleKeychainSpec.swift in Sources */ = {isa = PBXBuildFile; fileRef = 5F4D27651BCE995C003C27B3 /* SimpleKeychainSpec.swift */; };
		5F7B45B11B7D0CE700D5AC89 /* AppDelegate.swift in Sources */ = {isa = PBXBuildFile; fileRef = 5F7B45B01B7D0CE700D5AC89 /* AppDelegate.swift */; };
		5F7B45B81B7D0CE700D5AC89 /* Images.xcassets in Resources */ = {isa = PBXBuildFile; fileRef = 5F7B45B71B7D0CE700D5AC89 /* Images.xcassets */; };
		5F7B45BB1B7D0CE700D5AC89 /* LaunchScreen.xib in Resources */ = {isa = PBXBuildFile; fileRef = 5F7B45B91B7D0CE700D5AC89 /* LaunchScreen.xib */; };
		5FEEB9A21B7BD70A00501415 /* SimpleKeychain.h in Headers */ = {isa = PBXBuildFile; fileRef = 5FEEB9A11B7BD70A00501415 /* SimpleKeychain.h */; settings = {ATTRIBUTES = (Public, ); }; };
		5FEEB9D61B7BD8E800501415 /* SimpleKeychain.h in Headers */ = {isa = PBXBuildFile; fileRef = 5FEEB9A11B7BD70A00501415 /* SimpleKeychain.h */; settings = {ATTRIBUTES = (Public, ); }; };
		5FEEB9D91B7BF71800501415 /* A0SimpleKeychain+KeyPair.h in Headers */ = {isa = PBXBuildFile; fileRef = 5FEEB9D71B7BF71800501415 /* A0SimpleKeychain+KeyPair.h */; settings = {ATTRIBUTES = (Public, ); }; };
		5FEEB9DA1B7BF71800501415 /* A0SimpleKeychain+KeyPair.h in Headers */ = {isa = PBXBuildFile; fileRef = 5FEEB9D71B7BF71800501415 /* A0SimpleKeychain+KeyPair.h */; settings = {ATTRIBUTES = (Public, ); }; };
		5FEEB9DB1B7BF71800501415 /* A0SimpleKeychain+KeyPair.m in Sources */ = {isa = PBXBuildFile; fileRef = 5FEEB9D81B7BF71800501415 /* A0SimpleKeychain+KeyPair.m */; };
		5FEEB9DC1B7BF71800501415 /* A0SimpleKeychain+KeyPair.m in Sources */ = {isa = PBXBuildFile; fileRef = 5FEEB9D81B7BF71800501415 /* A0SimpleKeychain+KeyPair.m */; };
		5FEEB9DF1B7BF72C00501415 /* A0SimpleKeychain.h in Headers */ = {isa = PBXBuildFile; fileRef = 5FEEB9DD1B7BF72C00501415 /* A0SimpleKeychain.h */; settings = {ATTRIBUTES = (Public, ); }; };
		5FEEB9E01B7BF72C00501415 /* A0SimpleKeychain.h in Headers */ = {isa = PBXBuildFile; fileRef = 5FEEB9DD1B7BF72C00501415 /* A0SimpleKeychain.h */; settings = {ATTRIBUTES = (Public, ); }; };
		5FEEB9E11B7BF72C00501415 /* A0SimpleKeychain.m in Sources */ = {isa = PBXBuildFile; fileRef = 5FEEB9DE1B7BF72C00501415 /* A0SimpleKeychain.m */; };
		5FEEB9E21B7BF72C00501415 /* A0SimpleKeychain.m in Sources */ = {isa = PBXBuildFile; fileRef = 5FEEB9DE1B7BF72C00501415 /* A0SimpleKeychain.m */; };
/* End PBXBuildFile section */

/* Begin PBXContainerItemProxy section */
		5B0D475F1EA63C74009FF1BF /* PBXContainerItemProxy */ = {
			isa = PBXContainerItemProxy;
			containerPortal = 5FEEB9931B7BD70A00501415 /* Project object */;
			proxyType = 1;
			remoteGlobalIDString = 5B108AAB1EA637B100ED4DD2;
			remoteInfo = "SimpleKeychain-tvOS";
		};
		5B0D47691EA63D36009FF1BF /* PBXContainerItemProxy */ = {
			isa = PBXContainerItemProxy;
			containerPortal = 5FEEB9931B7BD70A00501415 /* Project object */;
			proxyType = 1;
			remoteGlobalIDString = 5F7B45AB1B7D0CE700D5AC89;
			remoteInfo = SimpleKeychainApp;
		};
		5C70AB9C24074300006E2EB2 /* PBXContainerItemProxy */ = {
			isa = PBXContainerItemProxy;
			containerPortal = 5FEEB9931B7BD70A00501415 /* Project object */;
			proxyType = 1;
			remoteGlobalIDString = 5C29744223FF457A00BC18FA;
			remoteInfo = tvOSTestHost;
		};
		5F4D27801BCE99E0003C27B3 /* PBXContainerItemProxy */ = {
			isa = PBXContainerItemProxy;
			containerPortal = 5FEEB9931B7BD70A00501415 /* Project object */;
			proxyType = 1;
			remoteGlobalIDString = 5F7B45AB1B7D0CE700D5AC89;
			remoteInfo = SimpleKeychainApp;
		};
		5F4D27951BCEA69E003C27B3 /* PBXContainerItemProxy */ = {
			isa = PBXContainerItemProxy;
			containerPortal = 5FEEB9931B7BD70A00501415 /* Project object */;
			proxyType = 1;
			remoteGlobalIDString = 5FEEB9BC1B7BD82800501415;
			remoteInfo = "SimpleKeychain-OSX";
		};
/* End PBXContainerItemProxy section */

/* Begin PBXCopyFilesBuildPhase section */
		5B062A3A1EA63F6100827E79 /* CopyFiles */ = {
			isa = PBXCopyFilesBuildPhase;
			buildActionMask = 2147483647;
			dstPath = "";
			dstSubfolderSpec = 10;
			files = (
				5CE9CA1C26FD4316005A75FA /* Nimble.xcframework in CopyFiles */,
				5CE9CA1D26FD4316005A75FA /* Quick.xcframework in CopyFiles */,
			);
			runOnlyForDeploymentPostprocessing = 0;
		};
		5CAF69A826FE57A90045266B /* Copy Files */ = {
			isa = PBXCopyFilesBuildPhase;
			buildActionMask = 2147483647;
			dstPath = "";
			dstSubfolderSpec = 10;
			files = (
				5CAF69A726FE57A90045266B /* SimpleKeychain.framework in Copy Files */,
			);
			name = "Copy Files";
			runOnlyForDeploymentPostprocessing = 0;
		};
		5F4D27881BCEA618003C27B3 /* CopyFiles */ = {
			isa = PBXCopyFilesBuildPhase;
			buildActionMask = 2147483647;
			dstPath = "";
			dstSubfolderSpec = 10;
			files = (
				5CE9CA1426FD42C0005A75FA /* Nimble.xcframework in CopyFiles */,
				5CE9CA1526FD42C0005A75FA /* Quick.xcframework in CopyFiles */,
			);
			runOnlyForDeploymentPostprocessing = 0;
		};
		5F4D279C1BCEA6A7003C27B3 /* CopyFiles */ = {
			isa = PBXCopyFilesBuildPhase;
			buildActionMask = 2147483647;
			dstPath = "";
			dstSubfolderSpec = 10;
			files = (
				5CE9CA1826FD42FA005A75FA /* Nimble.xcframework in CopyFiles */,
				5CE9CA1926FD42FA005A75FA /* Quick.xcframework in CopyFiles */,
			);
			runOnlyForDeploymentPostprocessing = 0;
		};
/* End PBXCopyFilesBuildPhase section */

/* Begin PBXFileReference section */
		5B0AB18F2088E2DB002D7109 /* README.md */ = {isa = PBXFileReference; lastKnownFileType = net.daringfireball.markdown; path = README.md; sourceTree = SOURCE_ROOT; };
		5B0D47591EA63C74009FF1BF /* SimpleKeychainTests.xctest */ = {isa = PBXFileReference; explicitFileType = wrapper.cfbundle; includeInIndex = 0; path = SimpleKeychainTests.xctest; sourceTree = BUILT_PRODUCTS_DIR; };
		5B108AA91EA62F6100ED4DD2 /* SimpleKeychain.framework */ = {isa = PBXFileReference; explicitFileType = wrapper.framework; includeInIndex = 0; path = SimpleKeychain.framework; sourceTree = BUILT_PRODUCTS_DIR; };
		5B108AB81EA637B100ED4DD2 /* SimpleKeychain.framework */ = {isa = PBXFileReference; explicitFileType = wrapper.framework; includeInIndex = 0; path = SimpleKeychain.framework; sourceTree = BUILT_PRODUCTS_DIR; };
		5C29744323FF457A00BC18FA /* tvOSTestHost.app */ = {isa = PBXFileReference; explicitFileType = wrapper.application; includeInIndex = 0; path = tvOSTestHost.app; sourceTree = BUILT_PRODUCTS_DIR; };
		5C29744523FF457A00BC18FA /* AppDelegate.swift */ = {isa = PBXFileReference; lastKnownFileType = sourcecode.swift; path = AppDelegate.swift; sourceTree = "<group>"; };
		5C29744723FF457A00BC18FA /* ViewController.swift */ = {isa = PBXFileReference; lastKnownFileType = sourcecode.swift; path = ViewController.swift; sourceTree = "<group>"; };
		5C29744A23FF457A00BC18FA /* Base */ = {isa = PBXFileReference; lastKnownFileType = file.storyboard; name = Base; path = Base.lproj/Main.storyboard; sourceTree = "<group>"; };
		5C29744C23FF457E00BC18FA /* Assets.xcassets */ = {isa = PBXFileReference; lastKnownFileType = folder.assetcatalog; path = Assets.xcassets; sourceTree = "<group>"; };
		5C29744F23FF457E00BC18FA /* Base */ = {isa = PBXFileReference; lastKnownFileType = file.storyboard; name = Base; path = Base.lproj/LaunchScreen.storyboard; sourceTree = "<group>"; };
		5C29745123FF457E00BC18FA /* Info.plist */ = {isa = PBXFileReference; lastKnownFileType = text.plist.xml; path = Info.plist; sourceTree = "<group>"; };
		5C29745523FF458C00BC18FA /* tvOSTestHost.entitlements */ = {isa = PBXFileReference; lastKnownFileType = text.plist.entitlements; path = tvOSTestHost.entitlements; sourceTree = "<group>"; };
		5CE9CA1026FD42B0005A75FA /* Quick.xcframework */ = {isa = PBXFileReference; lastKnownFileType = wrapper.xcframework; name = Quick.xcframework; path = Carthage/Build/Quick.xcframework; sourceTree = SOURCE_ROOT; };
		5CE9CA1126FD42B0005A75FA /* Nimble.xcframework */ = {isa = PBXFileReference; lastKnownFileType = wrapper.xcframework; name = Nimble.xcframework; path = Carthage/Build/Nimble.xcframework; sourceTree = SOURCE_ROOT; };
		5F4D27651BCE995C003C27B3 /* SimpleKeychainSpec.swift */ = {isa = PBXFileReference; fileEncoding = 4; lastKnownFileType = sourcecode.swift; path = SimpleKeychainSpec.swift; sourceTree = "<group>"; };
		5F4D277B1BCE99DF003C27B3 /* SimpleKeychainTests.xctest */ = {isa = PBXFileReference; explicitFileType = wrapper.cfbundle; includeInIndex = 0; path = SimpleKeychainTests.xctest; sourceTree = BUILT_PRODUCTS_DIR; };
		5F4D278F1BCEA69E003C27B3 /* SimpleKeychainTests.xctest */ = {isa = PBXFileReference; explicitFileType = wrapper.cfbundle; includeInIndex = 0; path = SimpleKeychainTests.xctest; sourceTree = BUILT_PRODUCTS_DIR; };
		5F7B45AC1B7D0CE700D5AC89 /* SimpleKeychainApp.app */ = {isa = PBXFileReference; explicitFileType = wrapper.application; includeInIndex = 0; path = SimpleKeychainApp.app; sourceTree = BUILT_PRODUCTS_DIR; };
		5F7B45AF1B7D0CE700D5AC89 /* Info.plist */ = {isa = PBXFileReference; lastKnownFileType = text.plist.xml; path = Info.plist; sourceTree = "<group>"; };
		5F7B45B01B7D0CE700D5AC89 /* AppDelegate.swift */ = {isa = PBXFileReference; lastKnownFileType = sourcecode.swift; path = AppDelegate.swift; sourceTree = "<group>"; };
		5F7B45B71B7D0CE700D5AC89 /* Images.xcassets */ = {isa = PBXFileReference; lastKnownFileType = folder.assetcatalog; path = Images.xcassets; sourceTree = "<group>"; };
		5F7B45BA1B7D0CE700D5AC89 /* Base */ = {isa = PBXFileReference; lastKnownFileType = file.xib; name = Base; path = Base.lproj/LaunchScreen.xib; sourceTree = "<group>"; };
		5FEEB99C1B7BD70A00501415 /* SimpleKeychain.framework */ = {isa = PBXFileReference; explicitFileType = wrapper.framework; includeInIndex = 0; path = SimpleKeychain.framework; sourceTree = BUILT_PRODUCTS_DIR; };
		5FEEB9A01B7BD70A00501415 /* Info.plist */ = {isa = PBXFileReference; lastKnownFileType = text.plist.xml; path = Info.plist; sourceTree = "<group>"; };
		5FEEB9A11B7BD70A00501415 /* SimpleKeychain.h */ = {isa = PBXFileReference; lastKnownFileType = sourcecode.c.h; path = SimpleKeychain.h; sourceTree = "<group>"; };
		5FEEB9AD1B7BD70B00501415 /* Info.plist */ = {isa = PBXFileReference; lastKnownFileType = text.plist.xml; path = Info.plist; sourceTree = "<group>"; };
		5FEEB9BD1B7BD82800501415 /* SimpleKeychain.framework */ = {isa = PBXFileReference; explicitFileType = wrapper.framework; includeInIndex = 0; path = SimpleKeychain.framework; sourceTree = BUILT_PRODUCTS_DIR; };
		5FEEB9D71B7BF71800501415 /* A0SimpleKeychain+KeyPair.h */ = {isa = PBXFileReference; fileEncoding = 4; lastKnownFileType = sourcecode.c.h; path = "A0SimpleKeychain+KeyPair.h"; sourceTree = "<group>"; };
		5FEEB9D81B7BF71800501415 /* A0SimpleKeychain+KeyPair.m */ = {isa = PBXFileReference; fileEncoding = 4; lastKnownFileType = sourcecode.c.objc; path = "A0SimpleKeychain+KeyPair.m"; sourceTree = "<group>"; };
		5FEEB9DD1B7BF72C00501415 /* A0SimpleKeychain.h */ = {isa = PBXFileReference; fileEncoding = 4; lastKnownFileType = sourcecode.c.h; path = A0SimpleKeychain.h; sourceTree = "<group>"; };
		5FEEB9DE1B7BF72C00501415 /* A0SimpleKeychain.m */ = {isa = PBXFileReference; fileEncoding = 4; lastKnownFileType = sourcecode.c.objc; path = A0SimpleKeychain.m; sourceTree = "<group>"; };
/* End PBXFileReference section */

/* Begin PBXFrameworksBuildPhase section */
		5B0D47561EA63C74009FF1BF /* Frameworks */ = {
			isa = PBXFrameworksBuildPhase;
			buildActionMask = 2147483647;
			files = (
				5CE9CA1A26FD430F005A75FA /* Nimble.xcframework in Frameworks */,
				5CE9CA1B26FD430F005A75FA /* Quick.xcframework in Frameworks */,
			);
			runOnlyForDeploymentPostprocessing = 0;
		};
		5B108AA01EA62F6100ED4DD2 /* Frameworks */ = {
			isa = PBXFrameworksBuildPhase;
			buildActionMask = 2147483647;
			files = (
			);
			runOnlyForDeploymentPostprocessing = 0;
		};
		5B108AAF1EA637B100ED4DD2 /* Frameworks */ = {
			isa = PBXFrameworksBuildPhase;
			buildActionMask = 2147483647;
			files = (
			);
			runOnlyForDeploymentPostprocessing = 0;
		};
		5C29744023FF457A00BC18FA /* Frameworks */ = {
			isa = PBXFrameworksBuildPhase;
			buildActionMask = 2147483647;
			files = (
				5CE9CA2126FD43F5005A75FA /* SimpleKeychain.framework in Frameworks */,
			);
			runOnlyForDeploymentPostprocessing = 0;
		};
		5F4D27781BCE99DF003C27B3 /* Frameworks */ = {
			isa = PBXFrameworksBuildPhase;
			buildActionMask = 2147483647;
			files = (
				5CE9CA1326FD42B0005A75FA /* Nimble.xcframework in Frameworks */,
				5CE9CA1226FD42B0005A75FA /* Quick.xcframework in Frameworks */,
			);
			runOnlyForDeploymentPostprocessing = 0;
		};
		5F4D278C1BCEA69E003C27B3 /* Frameworks */ = {
			isa = PBXFrameworksBuildPhase;
			buildActionMask = 2147483647;
			files = (
				5CE9CA1626FD42F4005A75FA /* Nimble.xcframework in Frameworks */,
				5CE9CA1726FD42F4005A75FA /* Quick.xcframework in Frameworks */,
			);
			runOnlyForDeploymentPostprocessing = 0;
		};
		5F7B45A91B7D0CE700D5AC89 /* Frameworks */ = {
			isa = PBXFrameworksBuildPhase;
			buildActionMask = 2147483647;
			files = (
				5CAF69A626FE57A90045266B /* SimpleKeychain.framework in Frameworks */,
			);
			runOnlyForDeploymentPostprocessing = 0;
		};
		5FEEB9981B7BD70A00501415 /* Frameworks */ = {
			isa = PBXFrameworksBuildPhase;
			buildActionMask = 2147483647;
			files = (
			);
			runOnlyForDeploymentPostprocessing = 0;
		};
		5FEEB9B91B7BD82800501415 /* Frameworks */ = {
			isa = PBXFrameworksBuildPhase;
			buildActionMask = 2147483647;
			files = (
			);
			runOnlyForDeploymentPostprocessing = 0;
		};
/* End PBXFrameworksBuildPhase section */

/* Begin PBXGroup section */
		5C29744423FF457A00BC18FA /* tvOSTestHost */ = {
			isa = PBXGroup;
			children = (
				5C29745523FF458C00BC18FA /* tvOSTestHost.entitlements */,
				5C29744523FF457A00BC18FA /* AppDelegate.swift */,
				5C29744723FF457A00BC18FA /* ViewController.swift */,
				5C29744923FF457A00BC18FA /* Main.storyboard */,
				5C29744C23FF457E00BC18FA /* Assets.xcassets */,
				5C29744E23FF457E00BC18FA /* LaunchScreen.storyboard */,
				5C29745123FF457E00BC18FA /* Info.plist */,
			);
			path = tvOSTestHost;
			sourceTree = "<group>";
		};
		5F51D71D1BCDC4D400613162 /* Frameworks */ = {
			isa = PBXGroup;
			children = (
				5CE9CA1126FD42B0005A75FA /* Nimble.xcframework */,
				5CE9CA1026FD42B0005A75FA /* Quick.xcframework */,
			);
			name = Frameworks;
			path = SimpleKeychain;
			sourceTree = "<group>";
		};
		5F7B45AD1B7D0CE700D5AC89 /* SimpleKeychainApp */ = {
			isa = PBXGroup;
			children = (
				5F7B45B01B7D0CE700D5AC89 /* AppDelegate.swift */,
				5F7B45B71B7D0CE700D5AC89 /* Images.xcassets */,
				5F7B45B91B7D0CE700D5AC89 /* LaunchScreen.xib */,
				5F7B45AE1B7D0CE700D5AC89 /* Supporting Files */,
			);
			path = SimpleKeychainApp;
			sourceTree = "<group>";
		};
		5F7B45AE1B7D0CE700D5AC89 /* Supporting Files */ = {
			isa = PBXGroup;
			children = (
				5F7B45AF1B7D0CE700D5AC89 /* Info.plist */,
			);
			name = "Supporting Files";
			sourceTree = "<group>";
		};
		5FEEB9921B7BD70A00501415 = {
			isa = PBXGroup;
			children = (
				5FEEB99E1B7BD70A00501415 /* SimpleKeychain */,
				5FEEB9AB1B7BD70B00501415 /* SimpleKeychainTests */,
				5F7B45AD1B7D0CE700D5AC89 /* SimpleKeychainApp */,
				5C29744423FF457A00BC18FA /* tvOSTestHost */,
				5FEEB99D1B7BD70A00501415 /* Products */,
				5F51D71D1BCDC4D400613162 /* Frameworks */,
			);
			sourceTree = "<group>";
		};
		5FEEB99D1B7BD70A00501415 /* Products */ = {
			isa = PBXGroup;
			children = (
				5FEEB99C1B7BD70A00501415 /* SimpleKeychain.framework */,
				5FEEB9BD1B7BD82800501415 /* SimpleKeychain.framework */,
				5F7B45AC1B7D0CE700D5AC89 /* SimpleKeychainApp.app */,
				5F4D277B1BCE99DF003C27B3 /* SimpleKeychainTests.xctest */,
				5F4D278F1BCEA69E003C27B3 /* SimpleKeychainTests.xctest */,
				5B108AA91EA62F6100ED4DD2 /* SimpleKeychain.framework */,
				5B108AB81EA637B100ED4DD2 /* SimpleKeychain.framework */,
				5B0D47591EA63C74009FF1BF /* SimpleKeychainTests.xctest */,
				5C29744323FF457A00BC18FA /* tvOSTestHost.app */,
			);
			name = Products;
			sourceTree = "<group>";
		};
		5FEEB99E1B7BD70A00501415 /* SimpleKeychain */ = {
			isa = PBXGroup;
			children = (
				5FEEB9DD1B7BF72C00501415 /* A0SimpleKeychain.h */,
				5FEEB9DE1B7BF72C00501415 /* A0SimpleKeychain.m */,
				5FEEB9D71B7BF71800501415 /* A0SimpleKeychain+KeyPair.h */,
				5FEEB9D81B7BF71800501415 /* A0SimpleKeychain+KeyPair.m */,
				5FEEB9A11B7BD70A00501415 /* SimpleKeychain.h */,
				5FEEB99F1B7BD70A00501415 /* Supporting Files */,
			);
			path = SimpleKeychain;
			sourceTree = "<group>";
		};
		5FEEB99F1B7BD70A00501415 /* Supporting Files */ = {
			isa = PBXGroup;
			children = (
				5B0AB18F2088E2DB002D7109 /* README.md */,
				5FEEB9A01B7BD70A00501415 /* Info.plist */,
			);
			name = "Supporting Files";
			sourceTree = "<group>";
		};
		5FEEB9AB1B7BD70B00501415 /* SimpleKeychainTests */ = {
			isa = PBXGroup;
			children = (
				5FEEB9AC1B7BD70B00501415 /* Supporting Files */,
				5F4D27651BCE995C003C27B3 /* SimpleKeychainSpec.swift */,
			);
			path = SimpleKeychainTests;
			sourceTree = "<group>";
		};
		5FEEB9AC1B7BD70B00501415 /* Supporting Files */ = {
			isa = PBXGroup;
			children = (
				5FEEB9AD1B7BD70B00501415 /* Info.plist */,
			);
			name = "Supporting Files";
			sourceTree = "<group>";
		};
/* End PBXGroup section */

/* Begin PBXHeadersBuildPhase section */
		5B108AA11EA62F6100ED4DD2 /* Headers */ = {
			isa = PBXHeadersBuildPhase;
			buildActionMask = 2147483647;
			files = (
				5B108AA21EA62F6100ED4DD2 /* A0SimpleKeychain.h in Headers */,
				5B108AA31EA62F6100ED4DD2 /* SimpleKeychain.h in Headers */,
				5B108AA41EA62F6100ED4DD2 /* A0SimpleKeychain+KeyPair.h in Headers */,
			);
			runOnlyForDeploymentPostprocessing = 0;
		};
		5B108AB01EA637B100ED4DD2 /* Headers */ = {
			isa = PBXHeadersBuildPhase;
			buildActionMask = 2147483647;
			files = (
				5B108AB11EA637B100ED4DD2 /* A0SimpleKeychain.h in Headers */,
				5B108AB21EA637B100ED4DD2 /* SimpleKeychain.h in Headers */,
				5B108AB31EA637B100ED4DD2 /* A0SimpleKeychain+KeyPair.h in Headers */,
			);
			runOnlyForDeploymentPostprocessing = 0;
		};
		5FEEB9991B7BD70A00501415 /* Headers */ = {
			isa = PBXHeadersBuildPhase;
			buildActionMask = 2147483647;
			files = (
				5FEEB9DF1B7BF72C00501415 /* A0SimpleKeychain.h in Headers */,
				5FEEB9A21B7BD70A00501415 /* SimpleKeychain.h in Headers */,
				5FEEB9D91B7BF71800501415 /* A0SimpleKeychain+KeyPair.h in Headers */,
			);
			runOnlyForDeploymentPostprocessing = 0;
		};
		5FEEB9BA1B7BD82800501415 /* Headers */ = {
			isa = PBXHeadersBuildPhase;
			buildActionMask = 2147483647;
			files = (
				5FEEB9E01B7BF72C00501415 /* A0SimpleKeychain.h in Headers */,
				5FEEB9D61B7BD8E800501415 /* SimpleKeychain.h in Headers */,
				5FEEB9DA1B7BF71800501415 /* A0SimpleKeychain+KeyPair.h in Headers */,
			);
			runOnlyForDeploymentPostprocessing = 0;
		};
/* End PBXHeadersBuildPhase section */

/* Begin PBXNativeTarget section */
		5B0D47581EA63C74009FF1BF /* SimpleKeychainTests-tvOS */ = {
			isa = PBXNativeTarget;
			buildConfigurationList = 5B0D47611EA63C74009FF1BF /* Build configuration list for PBXNativeTarget "SimpleKeychainTests-tvOS" */;
			buildPhases = (
				5B0D47551EA63C74009FF1BF /* Sources */,
				5B0D47561EA63C74009FF1BF /* Frameworks */,
				5B0D47571EA63C74009FF1BF /* Resources */,
				5B062A3A1EA63F6100827E79 /* CopyFiles */,
			);
			buildRules = (
			);
			dependencies = (
				5B0D47601EA63C74009FF1BF /* PBXTargetDependency */,
				5B0D476A1EA63D36009FF1BF /* PBXTargetDependency */,
				5C70AB9D24074300006E2EB2 /* PBXTargetDependency */,
			);
			name = "SimpleKeychainTests-tvOS";
			productName = "SimpleKeychainTests-tvOS";
			productReference = 5B0D47591EA63C74009FF1BF /* SimpleKeychainTests.xctest */;
			productType = "com.apple.product-type.bundle.unit-test";
		};
		5B108A9C1EA62F6100ED4DD2 /* SimpleKeychain-watchOS */ = {
			isa = PBXNativeTarget;
			buildConfigurationList = 5B108AA61EA62F6100ED4DD2 /* Build configuration list for PBXNativeTarget "SimpleKeychain-watchOS" */;
			buildPhases = (
				5B108A9D1EA62F6100ED4DD2 /* Sources */,
				5B108AA01EA62F6100ED4DD2 /* Frameworks */,
				5B108AA11EA62F6100ED4DD2 /* Headers */,
				5B108AA51EA62F6100ED4DD2 /* Resources */,
			);
			buildRules = (
			);
			dependencies = (
			);
			name = "SimpleKeychain-watchOS";
			productName = "SimpleKeychain-OSX";
			productReference = 5B108AA91EA62F6100ED4DD2 /* SimpleKeychain.framework */;
			productType = "com.apple.product-type.framework";
		};
		5B108AAB1EA637B100ED4DD2 /* SimpleKeychain-tvOS */ = {
			isa = PBXNativeTarget;
			buildConfigurationList = 5B108AB51EA637B100ED4DD2 /* Build configuration list for PBXNativeTarget "SimpleKeychain-tvOS" */;
			buildPhases = (
				5B108AAC1EA637B100ED4DD2 /* Sources */,
				5B108AAF1EA637B100ED4DD2 /* Frameworks */,
				5B108AB01EA637B100ED4DD2 /* Headers */,
				5B108AB41EA637B100ED4DD2 /* Resources */,
			);
			buildRules = (
			);
			dependencies = (
			);
			name = "SimpleKeychain-tvOS";
			productName = SimpleKeychain;
			productReference = 5B108AB81EA637B100ED4DD2 /* SimpleKeychain.framework */;
			productType = "com.apple.product-type.framework";
		};
		5C29744223FF457A00BC18FA /* tvOSTestHost */ = {
			isa = PBXNativeTarget;
			buildConfigurationList = 5C29745423FF457E00BC18FA /* Build configuration list for PBXNativeTarget "tvOSTestHost" */;
			buildPhases = (
				5C29743F23FF457A00BC18FA /* Sources */,
				5C29744023FF457A00BC18FA /* Frameworks */,
				5C29744123FF457A00BC18FA /* Resources */,
			);
			buildRules = (
			);
			dependencies = (
			);
			name = tvOSTestHost;
			productName = tvOSTestHost;
			productReference = 5C29744323FF457A00BC18FA /* tvOSTestHost.app */;
			productType = "com.apple.product-type.application";
		};
		5F4D277A1BCE99DF003C27B3 /* SimpleKeychainTests-iOS */ = {
			isa = PBXNativeTarget;
			buildConfigurationList = 5F4D27821BCE99E0003C27B3 /* Build configuration list for PBXNativeTarget "SimpleKeychainTests-iOS" */;
			buildPhases = (
				5F4D27771BCE99DF003C27B3 /* Sources */,
				5F4D27781BCE99DF003C27B3 /* Frameworks */,
				5F4D27791BCE99DF003C27B3 /* Resources */,
				5F4D27881BCEA618003C27B3 /* CopyFiles */,
			);
			buildRules = (
			);
			dependencies = (
				5F4D27811BCE99E0003C27B3 /* PBXTargetDependency */,
			);
			name = "SimpleKeychainTests-iOS";
			productName = "SimpleKeychainTests-iOS";
			productReference = 5F4D277B1BCE99DF003C27B3 /* SimpleKeychainTests.xctest */;
			productType = "com.apple.product-type.bundle.unit-test";
		};
		5F4D278E1BCEA69E003C27B3 /* SimpleKeychainTests-OSX */ = {
			isa = PBXNativeTarget;
			buildConfigurationList = 5F4D27971BCEA69E003C27B3 /* Build configuration list for PBXNativeTarget "SimpleKeychainTests-OSX" */;
			buildPhases = (
				5F4D278B1BCEA69E003C27B3 /* Sources */,
				5F4D278C1BCEA69E003C27B3 /* Frameworks */,
				5F4D278D1BCEA69E003C27B3 /* Resources */,
				5F4D279C1BCEA6A7003C27B3 /* CopyFiles */,
			);
			buildRules = (
			);
			dependencies = (
				5F4D27961BCEA69E003C27B3 /* PBXTargetDependency */,
			);
			name = "SimpleKeychainTests-OSX";
			productName = "SimpleKeychainTests-OSX";
			productReference = 5F4D278F1BCEA69E003C27B3 /* SimpleKeychainTests.xctest */;
			productType = "com.apple.product-type.bundle.unit-test";
		};
		5F7B45AB1B7D0CE700D5AC89 /* SimpleKeychainApp */ = {
			isa = PBXNativeTarget;
			buildConfigurationList = 5F7B45C81B7D0CE700D5AC89 /* Build configuration list for PBXNativeTarget "SimpleKeychainApp" */;
			buildPhases = (
				5F7B45A81B7D0CE700D5AC89 /* Sources */,
				5F7B45A91B7D0CE700D5AC89 /* Frameworks */,
				5F7B45AA1B7D0CE700D5AC89 /* Resources */,
				5CAF69A826FE57A90045266B /* Copy Files */,
			);
			buildRules = (
			);
			dependencies = (
			);
			name = SimpleKeychainApp;
			productName = SimpleKeychainApp;
			productReference = 5F7B45AC1B7D0CE700D5AC89 /* SimpleKeychainApp.app */;
			productType = "com.apple.product-type.application";
		};
		5FEEB99B1B7BD70A00501415 /* SimpleKeychain-iOS */ = {
			isa = PBXNativeTarget;
			buildConfigurationList = 5FEEB9B21B7BD70B00501415 /* Build configuration list for PBXNativeTarget "SimpleKeychain-iOS" */;
			buildPhases = (
				5FEEB9971B7BD70A00501415 /* Sources */,
				5FEEB9981B7BD70A00501415 /* Frameworks */,
				5FEEB9991B7BD70A00501415 /* Headers */,
				5FEEB99A1B7BD70A00501415 /* Resources */,
			);
			buildRules = (
			);
			dependencies = (
			);
			name = "SimpleKeychain-iOS";
			productName = SimpleKeychain;
			productReference = 5FEEB99C1B7BD70A00501415 /* SimpleKeychain.framework */;
			productType = "com.apple.product-type.framework";
		};
		5FEEB9BC1B7BD82800501415 /* SimpleKeychain-OSX */ = {
			isa = PBXNativeTarget;
			buildConfigurationList = 5FEEB9D01B7BD82800501415 /* Build configuration list for PBXNativeTarget "SimpleKeychain-OSX" */;
			buildPhases = (
				5FEEB9B81B7BD82800501415 /* Sources */,
				5FEEB9B91B7BD82800501415 /* Frameworks */,
				5FEEB9BA1B7BD82800501415 /* Headers */,
				5FEEB9BB1B7BD82800501415 /* Resources */,
			);
			buildRules = (
			);
			dependencies = (
			);
			name = "SimpleKeychain-OSX";
			productName = "SimpleKeychain-OSX";
			productReference = 5FEEB9BD1B7BD82800501415 /* SimpleKeychain.framework */;
			productType = "com.apple.product-type.framework";
		};
/* End PBXNativeTarget section */

/* Begin PBXProject section */
		5FEEB9931B7BD70A00501415 /* Project object */ = {
			isa = PBXProject;
			attributes = {
				LastSwiftUpdateCheck = 1130;
				LastUpgradeCheck = 1020;
				ORGANIZATIONNAME = Auth0;
				TargetAttributes = {
					5B0D47581EA63C74009FF1BF = {
						CreatedOnToolsVersion = 8.3;
						LastSwiftMigration = 0930;
						ProvisioningStyle = Manual;
						TestTargetID = 5C29744223FF457A00BC18FA;
					};
					5B108AAB1EA637B100ED4DD2 = {
						ProvisioningStyle = Manual;
					};
					5C29744223FF457A00BC18FA = {
						CreatedOnToolsVersion = 11.3.1;
						ProvisioningStyle = Automatic;
					};
					5F4D277A1BCE99DF003C27B3 = {
						CreatedOnToolsVersion = 7.0.1;
						LastSwiftMigration = 0930;
						TestTargetID = 5F7B45AB1B7D0CE700D5AC89;
					};
					5F4D278E1BCEA69E003C27B3 = {
						CreatedOnToolsVersion = 7.0.1;
						LastSwiftMigration = 0930;
					};
					5F7B45AB1B7D0CE700D5AC89 = {
						CreatedOnToolsVersion = 6.4;
						LastSwiftMigration = 0930;
						ProvisioningStyle = Manual;
					};
					5FEEB99B1B7BD70A00501415 = {
						CreatedOnToolsVersion = 6.4;
					};
					5FEEB9BC1B7BD82800501415 = {
						CreatedOnToolsVersion = 6.4;
					};
				};
			};
			buildConfigurationList = 5FEEB9961B7BD70A00501415 /* Build configuration list for PBXProject "SimpleKeychain" */;
			compatibilityVersion = "Xcode 3.2";
			developmentRegion = en;
			hasScannedForEncodings = 0;
			knownRegions = (
				en,
				Base,
			);
			mainGroup = 5FEEB9921B7BD70A00501415;
			productRefGroup = 5FEEB99D1B7BD70A00501415 /* Products */;
			projectDirPath = "";
			projectRoot = "";
			targets = (
				5FEEB99B1B7BD70A00501415 /* SimpleKeychain-iOS */,
				5FEEB9BC1B7BD82800501415 /* SimpleKeychain-OSX */,
				5B108A9C1EA62F6100ED4DD2 /* SimpleKeychain-watchOS */,
				5B108AAB1EA637B100ED4DD2 /* SimpleKeychain-tvOS */,
				5F7B45AB1B7D0CE700D5AC89 /* SimpleKeychainApp */,
				5C29744223FF457A00BC18FA /* tvOSTestHost */,
				5F4D277A1BCE99DF003C27B3 /* SimpleKeychainTests-iOS */,
				5F4D278E1BCEA69E003C27B3 /* SimpleKeychainTests-OSX */,
				5B0D47581EA63C74009FF1BF /* SimpleKeychainTests-tvOS */,
			);
		};
/* End PBXProject section */

/* Begin PBXResourcesBuildPhase section */
		5B0D47571EA63C74009FF1BF /* Resources */ = {
			isa = PBXResourcesBuildPhase;
			buildActionMask = 2147483647;
			files = (
			);
			runOnlyForDeploymentPostprocessing = 0;
		};
		5B108AA51EA62F6100ED4DD2 /* Resources */ = {
			isa = PBXResourcesBuildPhase;
			buildActionMask = 2147483647;
			files = (
			);
			runOnlyForDeploymentPostprocessing = 0;
		};
		5B108AB41EA637B100ED4DD2 /* Resources */ = {
			isa = PBXResourcesBuildPhase;
			buildActionMask = 2147483647;
			files = (
			);
			runOnlyForDeploymentPostprocessing = 0;
		};
		5C29744123FF457A00BC18FA /* Resources */ = {
			isa = PBXResourcesBuildPhase;
			buildActionMask = 2147483647;
			files = (
				5C29745023FF457E00BC18FA /* LaunchScreen.storyboard in Resources */,
				5C29744D23FF457E00BC18FA /* Assets.xcassets in Resources */,
				5C29744B23FF457A00BC18FA /* Main.storyboard in Resources */,
			);
			runOnlyForDeploymentPostprocessing = 0;
		};
		5F4D27791BCE99DF003C27B3 /* Resources */ = {
			isa = PBXResourcesBuildPhase;
			buildActionMask = 2147483647;
			files = (
			);
			runOnlyForDeploymentPostprocessing = 0;
		};
		5F4D278D1BCEA69E003C27B3 /* Resources */ = {
			isa = PBXResourcesBuildPhase;
			buildActionMask = 2147483647;
			files = (
			);
			runOnlyForDeploymentPostprocessing = 0;
		};
		5F7B45AA1B7D0CE700D5AC89 /* Resources */ = {
			isa = PBXResourcesBuildPhase;
			buildActionMask = 2147483647;
			files = (
				5F7B45BB1B7D0CE700D5AC89 /* LaunchScreen.xib in Resources */,
				5F7B45B81B7D0CE700D5AC89 /* Images.xcassets in Resources */,
			);
			runOnlyForDeploymentPostprocessing = 0;
		};
		5FEEB99A1B7BD70A00501415 /* Resources */ = {
			isa = PBXResourcesBuildPhase;
			buildActionMask = 2147483647;
			files = (
			);
			runOnlyForDeploymentPostprocessing = 0;
		};
		5FEEB9BB1B7BD82800501415 /* Resources */ = {
			isa = PBXResourcesBuildPhase;
			buildActionMask = 2147483647;
			files = (
			);
			runOnlyForDeploymentPostprocessing = 0;
		};
/* End PBXResourcesBuildPhase section */

/* Begin PBXSourcesBuildPhase section */
		5B0D47551EA63C74009FF1BF /* Sources */ = {
			isa = PBXSourcesBuildPhase;
			buildActionMask = 2147483647;
			files = (
				5B0D47641EA63CD1009FF1BF /* SimpleKeychainSpec.swift in Sources */,
			);
			runOnlyForDeploymentPostprocessing = 0;
		};
		5B108A9D1EA62F6100ED4DD2 /* Sources */ = {
			isa = PBXSourcesBuildPhase;
			buildActionMask = 2147483647;
			files = (
				5B108A9E1EA62F6100ED4DD2 /* A0SimpleKeychain.m in Sources */,
				5B108A9F1EA62F6100ED4DD2 /* A0SimpleKeychain+KeyPair.m in Sources */,
			);
			runOnlyForDeploymentPostprocessing = 0;
		};
		5B108AAC1EA637B100ED4DD2 /* Sources */ = {
			isa = PBXSourcesBuildPhase;
			buildActionMask = 2147483647;
			files = (
				5B108AAD1EA637B100ED4DD2 /* A0SimpleKeychain.m in Sources */,
				5B108AAE1EA637B100ED4DD2 /* A0SimpleKeychain+KeyPair.m in Sources */,
			);
			runOnlyForDeploymentPostprocessing = 0;
		};
		5C29743F23FF457A00BC18FA /* Sources */ = {
			isa = PBXSourcesBuildPhase;
			buildActionMask = 2147483647;
			files = (
				5C29744823FF457A00BC18FA /* ViewController.swift in Sources */,
				5C29744623FF457A00BC18FA /* AppDelegate.swift in Sources */,
			);
			runOnlyForDeploymentPostprocessing = 0;
		};
		5F4D27771BCE99DF003C27B3 /* Sources */ = {
			isa = PBXSourcesBuildPhase;
			buildActionMask = 2147483647;
			files = (
				5F4D27851BCE99E7003C27B3 /* SimpleKeychainSpec.swift in Sources */,
			);
			runOnlyForDeploymentPostprocessing = 0;
		};
		5F4D278B1BCEA69E003C27B3 /* Sources */ = {
			isa = PBXSourcesBuildPhase;
			buildActionMask = 2147483647;
			files = (
				5F4D279F1BCEA6CE003C27B3 /* SimpleKeychainSpec.swift in Sources */,
			);
			runOnlyForDeploymentPostprocessing = 0;
		};
		5F7B45A81B7D0CE700D5AC89 /* Sources */ = {
			isa = PBXSourcesBuildPhase;
			buildActionMask = 2147483647;
			files = (
				5F7B45B11B7D0CE700D5AC89 /* AppDelegate.swift in Sources */,
			);
			runOnlyForDeploymentPostprocessing = 0;
		};
		5FEEB9971B7BD70A00501415 /* Sources */ = {
			isa = PBXSourcesBuildPhase;
			buildActionMask = 2147483647;
			files = (
				5FEEB9E11B7BF72C00501415 /* A0SimpleKeychain.m in Sources */,
				5FEEB9DB1B7BF71800501415 /* A0SimpleKeychain+KeyPair.m in Sources */,
			);
			runOnlyForDeploymentPostprocessing = 0;
		};
		5FEEB9B81B7BD82800501415 /* Sources */ = {
			isa = PBXSourcesBuildPhase;
			buildActionMask = 2147483647;
			files = (
				5FEEB9E21B7BF72C00501415 /* A0SimpleKeychain.m in Sources */,
				5FEEB9DC1B7BF71800501415 /* A0SimpleKeychain+KeyPair.m in Sources */,
			);
			runOnlyForDeploymentPostprocessing = 0;
		};
/* End PBXSourcesBuildPhase section */

/* Begin PBXTargetDependency section */
		5B0D47601EA63C74009FF1BF /* PBXTargetDependency */ = {
			isa = PBXTargetDependency;
			target = 5B108AAB1EA637B100ED4DD2 /* SimpleKeychain-tvOS */;
			targetProxy = 5B0D475F1EA63C74009FF1BF /* PBXContainerItemProxy */;
		};
		5B0D476A1EA63D36009FF1BF /* PBXTargetDependency */ = {
			isa = PBXTargetDependency;
			target = 5F7B45AB1B7D0CE700D5AC89 /* SimpleKeychainApp */;
			targetProxy = 5B0D47691EA63D36009FF1BF /* PBXContainerItemProxy */;
		};
		5C70AB9D24074300006E2EB2 /* PBXTargetDependency */ = {
			isa = PBXTargetDependency;
			target = 5C29744223FF457A00BC18FA /* tvOSTestHost */;
			targetProxy = 5C70AB9C24074300006E2EB2 /* PBXContainerItemProxy */;
		};
		5F4D27811BCE99E0003C27B3 /* PBXTargetDependency */ = {
			isa = PBXTargetDependency;
			target = 5F7B45AB1B7D0CE700D5AC89 /* SimpleKeychainApp */;
			targetProxy = 5F4D27801BCE99E0003C27B3 /* PBXContainerItemProxy */;
		};
		5F4D27961BCEA69E003C27B3 /* PBXTargetDependency */ = {
			isa = PBXTargetDependency;
			target = 5FEEB9BC1B7BD82800501415 /* SimpleKeychain-OSX */;
			targetProxy = 5F4D27951BCEA69E003C27B3 /* PBXContainerItemProxy */;
		};
/* End PBXTargetDependency section */

/* Begin PBXVariantGroup section */
		5C29744923FF457A00BC18FA /* Main.storyboard */ = {
			isa = PBXVariantGroup;
			children = (
				5C29744A23FF457A00BC18FA /* Base */,
			);
			name = Main.storyboard;
			sourceTree = "<group>";
		};
		5C29744E23FF457E00BC18FA /* LaunchScreen.storyboard */ = {
			isa = PBXVariantGroup;
			children = (
				5C29744F23FF457E00BC18FA /* Base */,
			);
			name = LaunchScreen.storyboard;
			sourceTree = "<group>";
		};
		5F7B45B91B7D0CE700D5AC89 /* LaunchScreen.xib */ = {
			isa = PBXVariantGroup;
			children = (
				5F7B45BA1B7D0CE700D5AC89 /* Base */,
			);
			name = LaunchScreen.xib;
			sourceTree = "<group>";
		};
/* End PBXVariantGroup section */

/* Begin XCBuildConfiguration section */
		5B0D47621EA63C74009FF1BF /* Debug */ = {
			isa = XCBuildConfiguration;
			buildSettings = {
				CLANG_ANALYZER_NONNULL = YES;
				CLANG_ANALYZER_NUMBER_OBJECT_CONVERSION = YES_AGGRESSIVE;
				CLANG_WARN_DOCUMENTATION_COMMENTS = YES;
				DEBUG_INFORMATION_FORMAT = dwarf;
				DEVELOPMENT_TEAM = "";
				INFOPLIST_FILE = SimpleKeychainTests/Info.plist;
				LD_RUNPATH_SEARCH_PATHS = (
					"$(inherited)",
					"@executable_path/Frameworks",
					"@loader_path/Frameworks",
				);
				PRODUCT_BUNDLE_IDENTIFIER = com.auth0.SimpleKeychainTests;
				PRODUCT_NAME = SimpleKeychainTests;
				PROVISIONING_PROFILE_SPECIFIER = "";
				SDKROOT = appletvos;
				SWIFT_ACTIVE_COMPILATION_CONDITIONS = DEBUG;
				SWIFT_OPTIMIZATION_LEVEL = "-Onone";
				SWIFT_VERSION = 5.0;
				TARGETED_DEVICE_FAMILY = 3;
				TEST_HOST = "$(BUILT_PRODUCTS_DIR)/tvOSTestHost.app/tvOSTestHost";
				TVOS_DEPLOYMENT_TARGET = 9.0;
			};
			name = Debug;
		};
		5B0D47631EA63C74009FF1BF /* Release */ = {
			isa = XCBuildConfiguration;
			buildSettings = {
				CLANG_ANALYZER_NONNULL = YES;
				CLANG_ANALYZER_NUMBER_OBJECT_CONVERSION = YES_AGGRESSIVE;
				CLANG_WARN_DOCUMENTATION_COMMENTS = YES;
				DEVELOPMENT_TEAM = "";
				INFOPLIST_FILE = SimpleKeychainTests/Info.plist;
				LD_RUNPATH_SEARCH_PATHS = (
					"$(inherited)",
					"@executable_path/Frameworks",
					"@loader_path/Frameworks",
				);
				PRODUCT_BUNDLE_IDENTIFIER = com.auth0.SimpleKeychainTests;
				PRODUCT_NAME = SimpleKeychainTests;
				PROVISIONING_PROFILE_SPECIFIER = "";
				SDKROOT = appletvos;
				SWIFT_VERSION = 5.0;
				TARGETED_DEVICE_FAMILY = 3;
				TEST_HOST = "$(BUILT_PRODUCTS_DIR)/tvOSTestHost.app/tvOSTestHost";
				TVOS_DEPLOYMENT_TARGET = 9.0;
			};
			name = Release;
		};
		5B108AA71EA62F6100ED4DD2 /* Debug */ = {
			isa = XCBuildConfiguration;
			buildSettings = {
				APPLICATION_EXTENSION_API_ONLY = YES;
				CODE_SIGN_IDENTITY = "";
				COMBINE_HIDPI_IMAGES = YES;
				DEBUG_INFORMATION_FORMAT = dwarf;
				DEFINES_MODULE = YES;
				DYLIB_COMPATIBILITY_VERSION = 1;
				DYLIB_CURRENT_VERSION = 1;
				DYLIB_INSTALL_NAME_BASE = "@rpath";
				FRAMEWORK_VERSION = A;
				GCC_PREPROCESSOR_DEFINITIONS = (
					"DEBUG=1",
					"$(inherited)",
				);
				INFOPLIST_FILE = SimpleKeychain/Info.plist;
				INSTALL_PATH = "$(LOCAL_LIBRARY_DIR)/Frameworks";
				LD_RUNPATH_SEARCH_PATHS = (
					"$(inherited)",
					"@executable_path/../Frameworks",
					"@loader_path/Frameworks",
				);
				MACOSX_DEPLOYMENT_TARGET = 10.10;
				PRODUCT_BUNDLE_IDENTIFIER = "com.auth0.$(PRODUCT_NAME:rfc1034identifier)";
				PRODUCT_NAME = SimpleKeychain;
				SDKROOT = watchos;
				SKIP_INSTALL = YES;
				TARGETED_DEVICE_FAMILY = 4;
				WATCHOS_DEPLOYMENT_TARGET = 2.0;
			};
			name = Debug;
		};
		5B108AA81EA62F6100ED4DD2 /* Release */ = {
			isa = XCBuildConfiguration;
			buildSettings = {
				APPLICATION_EXTENSION_API_ONLY = YES;
				CODE_SIGN_IDENTITY = "";
				COMBINE_HIDPI_IMAGES = YES;
				DEFINES_MODULE = YES;
				DYLIB_COMPATIBILITY_VERSION = 1;
				DYLIB_CURRENT_VERSION = 1;
				DYLIB_INSTALL_NAME_BASE = "@rpath";
				FRAMEWORK_VERSION = A;
				INFOPLIST_FILE = SimpleKeychain/Info.plist;
				INSTALL_PATH = "$(LOCAL_LIBRARY_DIR)/Frameworks";
				LD_RUNPATH_SEARCH_PATHS = (
					"$(inherited)",
					"@executable_path/../Frameworks",
					"@loader_path/Frameworks",
				);
				MACOSX_DEPLOYMENT_TARGET = 10.10;
				PRODUCT_BUNDLE_IDENTIFIER = "com.auth0.$(PRODUCT_NAME:rfc1034identifier)";
				PRODUCT_NAME = SimpleKeychain;
				SDKROOT = watchos;
				SKIP_INSTALL = YES;
				TARGETED_DEVICE_FAMILY = 4;
				WATCHOS_DEPLOYMENT_TARGET = 2.0;
			};
			name = Release;
		};
		5B108AB61EA637B100ED4DD2 /* Debug */ = {
			isa = XCBuildConfiguration;
			buildSettings = {
				CODE_SIGN_IDENTITY = "iPhone Developer";
				"CODE_SIGN_IDENTITY[sdk=appletvos*]" = "";
				"CODE_SIGN_IDENTITY[sdk=iphoneos*]" = "";
				DEFINES_MODULE = YES;
				DEVELOPMENT_TEAM = "";
				DYLIB_COMPATIBILITY_VERSION = 1;
				DYLIB_CURRENT_VERSION = 1;
				DYLIB_INSTALL_NAME_BASE = "@rpath";
				INFOPLIST_FILE = SimpleKeychain/Info.plist;
				INSTALL_PATH = "$(LOCAL_LIBRARY_DIR)/Frameworks";
				LD_RUNPATH_SEARCH_PATHS = (
					"$(inherited)",
					"@executable_path/Frameworks",
					"@loader_path/Frameworks",
				);
				PRODUCT_BUNDLE_IDENTIFIER = "com.auth0.$(PRODUCT_NAME:rfc1034identifier)";
				PRODUCT_NAME = SimpleKeychain;
				PROVISIONING_PROFILE_SPECIFIER = "";
				SDKROOT = appletvos;
				SKIP_INSTALL = YES;
				TARGETED_DEVICE_FAMILY = 3;
				TVOS_DEPLOYMENT_TARGET = 9.0;
			};
			name = Debug;
		};
		5B108AB71EA637B100ED4DD2 /* Release */ = {
			isa = XCBuildConfiguration;
			buildSettings = {
				CODE_SIGN_IDENTITY = "iPhone Developer";
				"CODE_SIGN_IDENTITY[sdk=appletvos*]" = "";
				"CODE_SIGN_IDENTITY[sdk=iphoneos*]" = "";
				DEFINES_MODULE = YES;
				DEVELOPMENT_TEAM = "";
				DYLIB_COMPATIBILITY_VERSION = 1;
				DYLIB_CURRENT_VERSION = 1;
				DYLIB_INSTALL_NAME_BASE = "@rpath";
				INFOPLIST_FILE = SimpleKeychain/Info.plist;
				INSTALL_PATH = "$(LOCAL_LIBRARY_DIR)/Frameworks";
				LD_RUNPATH_SEARCH_PATHS = (
					"$(inherited)",
					"@executable_path/Frameworks",
					"@loader_path/Frameworks",
				);
				PRODUCT_BUNDLE_IDENTIFIER = "com.auth0.$(PRODUCT_NAME:rfc1034identifier)";
				PRODUCT_NAME = SimpleKeychain;
				PROVISIONING_PROFILE_SPECIFIER = "";
				SDKROOT = appletvos;
				SKIP_INSTALL = YES;
				TARGETED_DEVICE_FAMILY = 3;
				TVOS_DEPLOYMENT_TARGET = 9.0;
			};
			name = Release;
		};
		5C29745223FF457E00BC18FA /* Debug */ = {
			isa = XCBuildConfiguration;
			buildSettings = {
				ASSETCATALOG_COMPILER_APPICON_NAME = "App Icon & Top Shelf Image";
				CLANG_ANALYZER_NONNULL = YES;
				CLANG_ANALYZER_NUMBER_OBJECT_CONVERSION = YES_AGGRESSIVE;
				CLANG_CXX_LANGUAGE_STANDARD = "gnu++14";
				CLANG_ENABLE_OBJC_WEAK = YES;
				CLANG_WARN_DOCUMENTATION_COMMENTS = YES;
				CLANG_WARN_UNGUARDED_AVAILABILITY = YES_AGGRESSIVE;
				CODE_SIGN_ENTITLEMENTS = tvOSTestHost/tvOSTestHost.entitlements;
				CODE_SIGN_STYLE = Automatic;
				DEBUG_INFORMATION_FORMAT = dwarf;
				GCC_C_LANGUAGE_STANDARD = gnu11;
				INFOPLIST_FILE = tvOSTestHost/Info.plist;
				LD_RUNPATH_SEARCH_PATHS = (
					"$(inherited)",
					"@executable_path/Frameworks",
				);
				MTL_ENABLE_DEBUG_INFO = INCLUDE_SOURCE;
				MTL_FAST_MATH = YES;
				PRODUCT_BUNDLE_IDENTIFIER = com.auth0.simplekeychain.tvOSTestHost;
				PRODUCT_NAME = "$(TARGET_NAME)";
				SDKROOT = appletvos;
				SWIFT_ACTIVE_COMPILATION_CONDITIONS = DEBUG;
				SWIFT_OPTIMIZATION_LEVEL = "-Onone";
				SWIFT_VERSION = 5.0;
				TARGETED_DEVICE_FAMILY = 3;
				TVOS_DEPLOYMENT_TARGET = 13.2;
			};
			name = Debug;
		};
		5C29745323FF457E00BC18FA /* Release */ = {
			isa = XCBuildConfiguration;
			buildSettings = {
				ASSETCATALOG_COMPILER_APPICON_NAME = "App Icon & Top Shelf Image";
				CLANG_ANALYZER_NONNULL = YES;
				CLANG_ANALYZER_NUMBER_OBJECT_CONVERSION = YES_AGGRESSIVE;
				CLANG_CXX_LANGUAGE_STANDARD = "gnu++14";
				CLANG_ENABLE_OBJC_WEAK = YES;
				CLANG_WARN_DOCUMENTATION_COMMENTS = YES;
				CLANG_WARN_UNGUARDED_AVAILABILITY = YES_AGGRESSIVE;
				CODE_SIGN_ENTITLEMENTS = tvOSTestHost/tvOSTestHost.entitlements;
				CODE_SIGN_STYLE = Automatic;
				GCC_C_LANGUAGE_STANDARD = gnu11;
				INFOPLIST_FILE = tvOSTestHost/Info.plist;
				LD_RUNPATH_SEARCH_PATHS = (
					"$(inherited)",
					"@executable_path/Frameworks",
				);
				MTL_FAST_MATH = YES;
				PRODUCT_BUNDLE_IDENTIFIER = com.auth0.simplekeychain.tvOSTestHost;
				PRODUCT_NAME = "$(TARGET_NAME)";
				SDKROOT = appletvos;
				SWIFT_VERSION = 5.0;
				TARGETED_DEVICE_FAMILY = 3;
				TVOS_DEPLOYMENT_TARGET = 13.2;
			};
			name = Release;
		};
		5F4D27831BCE99E0003C27B3 /* Debug */ = {
			isa = XCBuildConfiguration;
			buildSettings = {
				ALWAYS_EMBED_SWIFT_STANDARD_LIBRARIES = YES;
				BUNDLE_LOADER = "$(TEST_HOST)";
				DEBUG_INFORMATION_FORMAT = dwarf;
				INFOPLIST_FILE = SimpleKeychainTests/Info.plist;
				IPHONEOS_DEPLOYMENT_TARGET = 9.0;
				LD_RUNPATH_SEARCH_PATHS = (
					"$(inherited)",
					"@executable_path/Frameworks",
					"@loader_path/Frameworks",
				);
				PRODUCT_BUNDLE_IDENTIFIER = com.auth0.SimpleKeychainTests;
				PRODUCT_NAME = SimpleKeychainTests;
				SWIFT_OPTIMIZATION_LEVEL = "-Onone";
				SWIFT_VERSION = 5.0;
				TEST_HOST = "$(BUILT_PRODUCTS_DIR)/SimpleKeychainApp.app/SimpleKeychainApp";
			};
			name = Debug;
		};
		5F4D27841BCE99E0003C27B3 /* Release */ = {
			isa = XCBuildConfiguration;
			buildSettings = {
				ALWAYS_EMBED_SWIFT_STANDARD_LIBRARIES = YES;
				BUNDLE_LOADER = "$(TEST_HOST)";
				INFOPLIST_FILE = SimpleKeychainTests/Info.plist;
				IPHONEOS_DEPLOYMENT_TARGET = 9.0;
				LD_RUNPATH_SEARCH_PATHS = (
					"$(inherited)",
					"@executable_path/Frameworks",
					"@loader_path/Frameworks",
				);
				PRODUCT_BUNDLE_IDENTIFIER = com.auth0.SimpleKeychainTests;
				PRODUCT_NAME = SimpleKeychainTests;
				SWIFT_VERSION = 5.0;
				TEST_HOST = "$(BUILT_PRODUCTS_DIR)/SimpleKeychainApp.app/SimpleKeychainApp";
			};
			name = Release;
		};
		5F4D27981BCEA69E003C27B3 /* Debug */ = {
			isa = XCBuildConfiguration;
			buildSettings = {
				COMBINE_HIDPI_IMAGES = YES;
				DEBUG_INFORMATION_FORMAT = dwarf;
				INFOPLIST_FILE = SimpleKeychainTests/Info.plist;
				LD_RUNPATH_SEARCH_PATHS = (
					"$(inherited)",
					"@executable_path/../Frameworks",
					"@loader_path/../Frameworks",
				);
				MACOSX_DEPLOYMENT_TARGET = 10.11;
				PRODUCT_BUNDLE_IDENTIFIER = com.auth0.SimpleKeychainTests;
				PRODUCT_NAME = SimpleKeychainTests;
				SDKROOT = macosx;
				SWIFT_OPTIMIZATION_LEVEL = "-Onone";
				SWIFT_VERSION = 5.0;
			};
			name = Debug;
		};
		5F4D27991BCEA69E003C27B3 /* Release */ = {
			isa = XCBuildConfiguration;
			buildSettings = {
				COMBINE_HIDPI_IMAGES = YES;
				INFOPLIST_FILE = SimpleKeychainTests/Info.plist;
				LD_RUNPATH_SEARCH_PATHS = (
					"$(inherited)",
					"@executable_path/../Frameworks",
					"@loader_path/../Frameworks",
				);
				MACOSX_DEPLOYMENT_TARGET = 10.11;
				PRODUCT_BUNDLE_IDENTIFIER = com.auth0.SimpleKeychainTests;
				PRODUCT_NAME = SimpleKeychainTests;
				SDKROOT = macosx;
				SWIFT_VERSION = 5.0;
			};
			name = Release;
		};
		5F7B45C91B7D0CE700D5AC89 /* Debug */ = {
			isa = XCBuildConfiguration;
			buildSettings = {
				ASSETCATALOG_COMPILER_APPICON_NAME = AppIcon;
				CODE_SIGN_IDENTITY = "iPhone Developer";
				DEVELOPMENT_TEAM = "";
				GCC_PREPROCESSOR_DEFINITIONS = (
					"DEBUG=1",
					"$(inherited)",
				);
				INFOPLIST_FILE = SimpleKeychainApp/Info.plist;
				LD_RUNPATH_SEARCH_PATHS = (
					"$(inherited)",
					"@executable_path/Frameworks",
				);
				PRODUCT_BUNDLE_IDENTIFIER = com.auth0.simplekeychain;
				PRODUCT_NAME = "$(TARGET_NAME)";
				PROVISIONING_PROFILE_SPECIFIER = "";
				SWIFT_OPTIMIZATION_LEVEL = "-Onone";
				SWIFT_VERSION = 5.0;
			};
			name = Debug;
		};
		5F7B45CA1B7D0CE700D5AC89 /* Release */ = {
			isa = XCBuildConfiguration;
			buildSettings = {
				ASSETCATALOG_COMPILER_APPICON_NAME = AppIcon;
				CODE_SIGN_IDENTITY = "iPhone Developer";
				DEVELOPMENT_TEAM = "";
				INFOPLIST_FILE = SimpleKeychainApp/Info.plist;
				LD_RUNPATH_SEARCH_PATHS = (
					"$(inherited)",
					"@executable_path/Frameworks",
				);
				PRODUCT_BUNDLE_IDENTIFIER = com.auth0.simplekeychain;
				PRODUCT_NAME = "$(TARGET_NAME)";
				PROVISIONING_PROFILE_SPECIFIER = "";
				SWIFT_VERSION = 5.0;
			};
			name = Release;
		};
		5FEEB9B01B7BD70B00501415 /* Debug */ = {
			isa = XCBuildConfiguration;
			buildSettings = {
				ALWAYS_SEARCH_USER_PATHS = NO;
				CLANG_ANALYZER_LOCALIZABILITY_NONLOCALIZED = YES;
				CLANG_CXX_LANGUAGE_STANDARD = "gnu++0x";
				CLANG_CXX_LIBRARY = "libc++";
				CLANG_ENABLE_MODULES = YES;
				CLANG_ENABLE_OBJC_ARC = YES;
				CLANG_WARN_BLOCK_CAPTURE_AUTORELEASING = YES;
				CLANG_WARN_BOOL_CONVERSION = YES;
				CLANG_WARN_COMMA = YES;
				CLANG_WARN_CONSTANT_CONVERSION = YES;
				CLANG_WARN_DEPRECATED_OBJC_IMPLEMENTATIONS = YES;
				CLANG_WARN_DIRECT_OBJC_ISA_USAGE = YES_ERROR;
				CLANG_WARN_EMPTY_BODY = YES;
				CLANG_WARN_ENUM_CONVERSION = YES;
				CLANG_WARN_INFINITE_RECURSION = YES;
				CLANG_WARN_INT_CONVERSION = YES;
				CLANG_WARN_NON_LITERAL_NULL_CONVERSION = YES;
				CLANG_WARN_OBJC_IMPLICIT_RETAIN_SELF = YES;
				CLANG_WARN_OBJC_LITERAL_CONVERSION = YES;
				CLANG_WARN_OBJC_ROOT_CLASS = YES_ERROR;
				CLANG_WARN_RANGE_LOOP_ANALYSIS = YES;
				CLANG_WARN_STRICT_PROTOTYPES = YES;
				CLANG_WARN_SUSPICIOUS_MOVE = YES;
				CLANG_WARN_UNREACHABLE_CODE = YES;
				CLANG_WARN__DUPLICATE_METHOD_MATCH = YES;
				"CODE_SIGN_IDENTITY[sdk=iphoneos*]" = "iPhone Developer";
				COPY_PHASE_STRIP = NO;
				CURRENT_PROJECT_VERSION = 1;
				DEBUG_INFORMATION_FORMAT = "dwarf-with-dsym";
				ENABLE_STRICT_OBJC_MSGSEND = YES;
				ENABLE_TESTABILITY = YES;
				GCC_C_LANGUAGE_STANDARD = gnu99;
				GCC_DYNAMIC_NO_PIC = NO;
				GCC_NO_COMMON_BLOCKS = YES;
				GCC_OPTIMIZATION_LEVEL = 0;
				GCC_PREPROCESSOR_DEFINITIONS = (
					"DEBUG=1",
					"$(inherited)",
				);
				GCC_SYMBOLS_PRIVATE_EXTERN = NO;
				GCC_WARN_64_TO_32_BIT_CONVERSION = YES;
				GCC_WARN_ABOUT_RETURN_TYPE = YES_ERROR;
				GCC_WARN_UNDECLARED_SELECTOR = YES;
				GCC_WARN_UNINITIALIZED_AUTOS = YES_AGGRESSIVE;
				GCC_WARN_UNUSED_FUNCTION = YES;
				GCC_WARN_UNUSED_VARIABLE = YES;
				IPHONEOS_DEPLOYMENT_TARGET = 9.0;
				MACOSX_DEPLOYMENT_TARGET = 10.10;
				MTL_ENABLE_DEBUG_INFO = YES;
				ONLY_ACTIVE_ARCH = YES;
				SDKROOT = iphoneos;
				SWIFT_VERSION = 5.0;
				TARGETED_DEVICE_FAMILY = "1,2";
				VERSIONING_SYSTEM = "apple-generic";
				VERSION_INFO_PREFIX = "";
			};
			name = Debug;
		};
		5FEEB9B11B7BD70B00501415 /* Release */ = {
			isa = XCBuildConfiguration;
			buildSettings = {
				ALWAYS_SEARCH_USER_PATHS = NO;
				CLANG_ANALYZER_LOCALIZABILITY_NONLOCALIZED = YES;
				CLANG_CXX_LANGUAGE_STANDARD = "gnu++0x";
				CLANG_CXX_LIBRARY = "libc++";
				CLANG_ENABLE_MODULES = YES;
				CLANG_ENABLE_OBJC_ARC = YES;
				CLANG_WARN_BLOCK_CAPTURE_AUTORELEASING = YES;
				CLANG_WARN_BOOL_CONVERSION = YES;
				CLANG_WARN_COMMA = YES;
				CLANG_WARN_CONSTANT_CONVERSION = YES;
				CLANG_WARN_DEPRECATED_OBJC_IMPLEMENTATIONS = YES;
				CLANG_WARN_DIRECT_OBJC_ISA_USAGE = YES_ERROR;
				CLANG_WARN_EMPTY_BODY = YES;
				CLANG_WARN_ENUM_CONVERSION = YES;
				CLANG_WARN_INFINITE_RECURSION = YES;
				CLANG_WARN_INT_CONVERSION = YES;
				CLANG_WARN_NON_LITERAL_NULL_CONVERSION = YES;
				CLANG_WARN_OBJC_IMPLICIT_RETAIN_SELF = YES;
				CLANG_WARN_OBJC_LITERAL_CONVERSION = YES;
				CLANG_WARN_OBJC_ROOT_CLASS = YES_ERROR;
				CLANG_WARN_RANGE_LOOP_ANALYSIS = YES;
				CLANG_WARN_STRICT_PROTOTYPES = YES;
				CLANG_WARN_SUSPICIOUS_MOVE = YES;
				CLANG_WARN_UNREACHABLE_CODE = YES;
				CLANG_WARN__DUPLICATE_METHOD_MATCH = YES;
				"CODE_SIGN_IDENTITY[sdk=iphoneos*]" = "iPhone Developer";
				COPY_PHASE_STRIP = NO;
				CURRENT_PROJECT_VERSION = 1;
				DEBUG_INFORMATION_FORMAT = "dwarf-with-dsym";
				ENABLE_NS_ASSERTIONS = NO;
				ENABLE_STRICT_OBJC_MSGSEND = YES;
				GCC_C_LANGUAGE_STANDARD = gnu99;
				GCC_NO_COMMON_BLOCKS = YES;
				GCC_WARN_64_TO_32_BIT_CONVERSION = YES;
				GCC_WARN_ABOUT_RETURN_TYPE = YES_ERROR;
				GCC_WARN_UNDECLARED_SELECTOR = YES;
				GCC_WARN_UNINITIALIZED_AUTOS = YES_AGGRESSIVE;
				GCC_WARN_UNUSED_FUNCTION = YES;
				GCC_WARN_UNUSED_VARIABLE = YES;
				IPHONEOS_DEPLOYMENT_TARGET = 9.0;
				MACOSX_DEPLOYMENT_TARGET = 10.10;
				MTL_ENABLE_DEBUG_INFO = NO;
				SDKROOT = iphoneos;
				SWIFT_COMPILATION_MODE = wholemodule;
				SWIFT_OPTIMIZATION_LEVEL = "-O";
				SWIFT_VERSION = 5.0;
				TARGETED_DEVICE_FAMILY = "1,2";
				VALIDATE_PRODUCT = YES;
				VERSIONING_SYSTEM = "apple-generic";
				VERSION_INFO_PREFIX = "";
			};
			name = Release;
		};
		5FEEB9B31B7BD70B00501415 /* Debug */ = {
			isa = XCBuildConfiguration;
			buildSettings = {
				CODE_SIGN_IDENTITY = "iPhone Developer";
				"CODE_SIGN_IDENTITY[sdk=iphoneos*]" = "";
				DEFINES_MODULE = YES;
				DYLIB_COMPATIBILITY_VERSION = 1;
				DYLIB_CURRENT_VERSION = 1;
				DYLIB_INSTALL_NAME_BASE = "@rpath";
				INFOPLIST_FILE = SimpleKeychain/Info.plist;
				INSTALL_PATH = "$(LOCAL_LIBRARY_DIR)/Frameworks";
				LD_RUNPATH_SEARCH_PATHS = (
					"$(inherited)",
					"@executable_path/Frameworks",
					"@loader_path/Frameworks",
				);
				PRODUCT_BUNDLE_IDENTIFIER = "com.auth0.$(PRODUCT_NAME:rfc1034identifier)";
				PRODUCT_NAME = SimpleKeychain;
				SKIP_INSTALL = YES;
			};
			name = Debug;
		};
		5FEEB9B41B7BD70B00501415 /* Release */ = {
			isa = XCBuildConfiguration;
			buildSettings = {
				CODE_SIGN_IDENTITY = "iPhone Developer";
				"CODE_SIGN_IDENTITY[sdk=iphoneos*]" = "";
				DEFINES_MODULE = YES;
				DYLIB_COMPATIBILITY_VERSION = 1;
				DYLIB_CURRENT_VERSION = 1;
				DYLIB_INSTALL_NAME_BASE = "@rpath";
				INFOPLIST_FILE = SimpleKeychain/Info.plist;
				INSTALL_PATH = "$(LOCAL_LIBRARY_DIR)/Frameworks";
				LD_RUNPATH_SEARCH_PATHS = (
					"$(inherited)",
					"@executable_path/Frameworks",
					"@loader_path/Frameworks",
				);
				PRODUCT_BUNDLE_IDENTIFIER = "com.auth0.$(PRODUCT_NAME:rfc1034identifier)";
				PRODUCT_NAME = SimpleKeychain;
				SKIP_INSTALL = YES;
			};
			name = Release;
		};
		5FEEB9D11B7BD82800501415 /* Debug */ = {
			isa = XCBuildConfiguration;
			buildSettings = {
				CODE_SIGN_IDENTITY = "";
				COMBINE_HIDPI_IMAGES = YES;
				DEBUG_INFORMATION_FORMAT = dwarf;
				DEFINES_MODULE = YES;
				DYLIB_COMPATIBILITY_VERSION = 1;
				DYLIB_CURRENT_VERSION = 1;
				DYLIB_INSTALL_NAME_BASE = "@rpath";
				FRAMEWORK_VERSION = A;
				GCC_PREPROCESSOR_DEFINITIONS = (
					"DEBUG=1",
					"$(inherited)",
				);
				INFOPLIST_FILE = SimpleKeychain/Info.plist;
				INSTALL_PATH = "$(LOCAL_LIBRARY_DIR)/Frameworks";
				LD_RUNPATH_SEARCH_PATHS = (
					"$(inherited)",
					"@executable_path/../Frameworks",
					"@loader_path/Frameworks",
				);
				MACOSX_DEPLOYMENT_TARGET = 10.11;
				PRODUCT_BUNDLE_IDENTIFIER = "com.auth0.$(PRODUCT_NAME:rfc1034identifier)";
				PRODUCT_NAME = SimpleKeychain;
				SDKROOT = macosx;
				SKIP_INSTALL = YES;
			};
			name = Debug;
		};
		5FEEB9D21B7BD82800501415 /* Release */ = {
			isa = XCBuildConfiguration;
			buildSettings = {
				CODE_SIGN_IDENTITY = "";
				COMBINE_HIDPI_IMAGES = YES;
				DEFINES_MODULE = YES;
				DYLIB_COMPATIBILITY_VERSION = 1;
				DYLIB_CURRENT_VERSION = 1;
				DYLIB_INSTALL_NAME_BASE = "@rpath";
				FRAMEWORK_VERSION = A;
				INFOPLIST_FILE = SimpleKeychain/Info.plist;
				INSTALL_PATH = "$(LOCAL_LIBRARY_DIR)/Frameworks";
				LD_RUNPATH_SEARCH_PATHS = (
					"$(inherited)",
					"@executable_path/../Frameworks",
					"@loader_path/Frameworks",
				);
				MACOSX_DEPLOYMENT_TARGET = 10.11;
				PRODUCT_BUNDLE_IDENTIFIER = "com.auth0.$(PRODUCT_NAME:rfc1034identifier)";
				PRODUCT_NAME = SimpleKeychain;
				SDKROOT = macosx;
				SKIP_INSTALL = YES;
			};
			name = Release;
		};
/* End XCBuildConfiguration section */

/* Begin XCConfigurationList section */
		5B0D47611EA63C74009FF1BF /* Build configuration list for PBXNativeTarget "SimpleKeychainTests-tvOS" */ = {
			isa = XCConfigurationList;
			buildConfigurations = (
				5B0D47621EA63C74009FF1BF /* Debug */,
				5B0D47631EA63C74009FF1BF /* Release */,
			);
			defaultConfigurationIsVisible = 0;
			defaultConfigurationName = Release;
		};
		5B108AA61EA62F6100ED4DD2 /* Build configuration list for PBXNativeTarget "SimpleKeychain-watchOS" */ = {
			isa = XCConfigurationList;
			buildConfigurations = (
				5B108AA71EA62F6100ED4DD2 /* Debug */,
				5B108AA81EA62F6100ED4DD2 /* Release */,
			);
			defaultConfigurationIsVisible = 0;
			defaultConfigurationName = Release;
		};
		5B108AB51EA637B100ED4DD2 /* Build configuration list for PBXNativeTarget "SimpleKeychain-tvOS" */ = {
			isa = XCConfigurationList;
			buildConfigurations = (
				5B108AB61EA637B100ED4DD2 /* Debug */,
				5B108AB71EA637B100ED4DD2 /* Release */,
			);
			defaultConfigurationIsVisible = 0;
			defaultConfigurationName = Release;
		};
		5C29745423FF457E00BC18FA /* Build configuration list for PBXNativeTarget "tvOSTestHost" */ = {
			isa = XCConfigurationList;
			buildConfigurations = (
				5C29745223FF457E00BC18FA /* Debug */,
				5C29745323FF457E00BC18FA /* Release */,
			);
			defaultConfigurationIsVisible = 0;
			defaultConfigurationName = Release;
		};
		5F4D27821BCE99E0003C27B3 /* Build configuration list for PBXNativeTarget "SimpleKeychainTests-iOS" */ = {
			isa = XCConfigurationList;
			buildConfigurations = (
				5F4D27831BCE99E0003C27B3 /* Debug */,
				5F4D27841BCE99E0003C27B3 /* Release */,
			);
			defaultConfigurationIsVisible = 0;
			defaultConfigurationName = Release;
		};
		5F4D27971BCEA69E003C27B3 /* Build configuration list for PBXNativeTarget "SimpleKeychainTests-OSX" */ = {
			isa = XCConfigurationList;
			buildConfigurations = (
				5F4D27981BCEA69E003C27B3 /* Debug */,
				5F4D27991BCEA69E003C27B3 /* Release */,
			);
			defaultConfigurationIsVisible = 0;
			defaultConfigurationName = Release;
		};
		5F7B45C81B7D0CE700D5AC89 /* Build configuration list for PBXNativeTarget "SimpleKeychainApp" */ = {
			isa = XCConfigurationList;
			buildConfigurations = (
				5F7B45C91B7D0CE700D5AC89 /* Debug */,
				5F7B45CA1B7D0CE700D5AC89 /* Release */,
			);
			defaultConfigurationIsVisible = 0;
			defaultConfigurationName = Release;
		};
		5FEEB9961B7BD70A00501415 /* Build configuration list for PBXProject "SimpleKeychain" */ = {
			isa = XCConfigurationList;
			buildConfigurations = (
				5FEEB9B01B7BD70B00501415 /* Debug */,
				5FEEB9B11B7BD70B00501415 /* Release */,
			);
			defaultConfigurationIsVisible = 0;
			defaultConfigurationName = Release;
		};
		5FEEB9B21B7BD70B00501415 /* Build configuration list for PBXNativeTarget "SimpleKeychain-iOS" */ = {
			isa = XCConfigurationList;
			buildConfigurations = (
				5FEEB9B31B7BD70B00501415 /* Debug */,
				5FEEB9B41B7BD70B00501415 /* Release */,
			);
			defaultConfigurationIsVisible = 0;
			defaultConfigurationName = Release;
		};
		5FEEB9D01B7BD82800501415 /* Build configuration list for PBXNativeTarget "SimpleKeychain-OSX" */ = {
			isa = XCConfigurationList;
			buildConfigurations = (
				5FEEB9D11B7BD82800501415 /* Debug */,
				5FEEB9D21B7BD82800501415 /* Release */,
			);
			defaultConfigurationIsVisible = 0;
			defaultConfigurationName = Release;
		};
/* End XCConfigurationList section */
	};
	rootObject = 5FEEB9931B7BD70A00501415 /* Project object */;
}
