PODS:
  - Expecta (0.3.1)
  - SimpleKeychain (0.3.0)
  - Specta (0.2.1)

DEPENDENCIES:
  - Expecta
  - SimpleKeychain (from `../`)
  - Specta (~> 0.2.1)

EXTERNAL SOURCES:
  SimpleKeychain:
    :path: ../

SPEC CHECKSUMS:
  Expecta: 03aabd0a89d8dea843baecb19a7fd7466a69a31d
  SimpleKeychain: 5ba597574d92f34e20fcb1529008974bfcbf5185
  Specta: 9141310f46b1f68b676650ff2854e1ed0b74163a

COCOAPODS: 0.35.0
