PODS:
  - A0SimpleKeychain (0.1.0)
  - Expecta (0.3.1)
  - Specta (0.2.1)

DEPENDENCIES:
  - A0SimpleKeychain (from `../`)
  - Expecta
  - Specta (~> 0.2.1)

EXTERNAL SOURCES:
  A0SimpleKeychain:
    :path: ../

SPEC CHECKSUMS:
  A0SimpleKeychain: 0c85e9633094d26f8af1aeee2c92114143072492
  Expecta: 03aabd0a89d8dea843baecb19a7fd7466a69a31d
  Specta: 9141310f46b1f68b676650ff2854e1ed0b74163a

COCOAPODS: 0.34.1
