PODS:
  - Expecta (1.0.0)
  - SimpleKeychain (0.4.0)
  - Specta (0.2.1)

DEPENDENCIES:
  - Expecta
  - SimpleKeychain (from `../../`)
  - Specta (~> 0.2.1)

EXTERNAL SOURCES:
  SimpleKeychain:
    :path: "../../"

SPEC CHECKSUMS:
  Expecta: 32604574add2c46a36f8d2f716b6c5736eb75024
  SimpleKeychain: 8677ba554d30a166f64da26b7b039db1c87144f4
  Specta: 15a276a6343867b426d5ed135d5aa4d04123a573

COCOAPODS: 0.37.2
